// !$*UTF8*$!
{
	archiveVersion = 1;
	classes = {
	};
	objectVersion = 56;
	objects = {

/* Begin PBXBuildFile section */
		8E0A82B929D211140094B6C3 /* DetailPostView.swift in Sources */ = {isa = PBXBuildFile; fileRef = 8E0A82B829D211140094B6C3 /* DetailPostView.swift */; };
		8E0A82BB29D21B2D0094B6C3 /* AddCommentView.swift in Sources */ = {isa = PBXBuildFile; fileRef = 8E0A82BA29D21B2D0094B6C3 /* AddCommentView.swift */; };
		8E15099D29919D8F008EEE43 /* PostService.swift in Sources */ = {isa = PBXBuildFile; fileRef = 8E15099C29919D8F008EEE43 /* PostService.swift */; };
		8E4C20A729819EEB006917D0 /* BangerifyApp.swift in Sources */ = {isa = PBXBuildFile; fileRef = 8E4C20A629819EEB006917D0 /* BangerifyApp.swift */; };
		8E4C20A929819EEB006917D0 /* MainboardView.swift in Sources */ = {isa = PBXBuildFile; fileRef = 8E4C20A829819EEB006917D0 /* MainboardView.swift */; };
		8E4C20AF29819EEB006917D0 /* Preview Assets.xcassets in Resources */ = {isa = PBXBuildFile; fileRef = 8E4C20AE29819EEB006917D0 /* Preview Assets.xcassets */; };
		8E4C20B82981A67C006917D0 /* Post.swift in Sources */ = {isa = PBXBuildFile; fileRef = 8E4C20B72981A67C006917D0 /* Post.swift */; };
		8E4C20BC29829F59006917D0 /* SwiftyJSON in Frameworks */ = {isa = PBXBuildFile; productRef = 8E4C20BB29829F59006917D0 /* SwiftyJSON */; };
		8E60DDAD2A06A6A2004827E2 /* AddPostButtonView.swift in Sources */ = {isa = PBXBuildFile; fileRef = 8E60DDAC2A06A6A2004827E2 /* AddPostButtonView.swift */; };
		8E60DDB02A06A9E1004827E2 /* LoadingPlaceholderView.swift in Sources */ = {isa = PBXBuildFile; fileRef = 8E60DDAF2A06A9E1004827E2 /* LoadingPlaceholderView.swift */; };
		8E60DDB42A0705B8004827E2 /* PostHeaderView.swift in Sources */ = {isa = PBXBuildFile; fileRef = 8E60DDB32A0705B8004827E2 /* PostHeaderView.swift */; };
		8E60DDB62A070724004827E2 /* PostContentView.swift in Sources */ = {isa = PBXBuildFile; fileRef = 8E60DDB52A070724004827E2 /* PostContentView.swift */; };
		8E60DDB82A0707C5004827E2 /* PostFooterView.swift in Sources */ = {isa = PBXBuildFile; fileRef = 8E60DDB72A0707C5004827E2 /* PostFooterView.swift */; };
		8E7793EF29D0D81F0016C66B /* PostViewModel.swift in Sources */ = {isa = PBXBuildFile; fileRef = 8E7793EE29D0D81F0016C66B /* PostViewModel.swift */; };
		8E9404F2298710BD00F647C8 /* ProfileView.swift in Sources */ = {isa = PBXBuildFile; fileRef = 8E9404F1298710BD00F647C8 /* ProfileView.swift */; };
		8E9404F42987113F00F647C8 /* Profile.swift in Sources */ = {isa = PBXBuildFile; fileRef = 8E9404F32987113F00F647C8 /* Profile.swift */; };
		8E94DF9729C905280090074C /* MulitImageView.swift in Sources */ = {isa = PBXBuildFile; fileRef = 8E94DF9629C905280090074C /* MulitImageView.swift */; };
		8E98635A29CFAEAC003CCBED /* LikeService.swift in Sources */ = {isa = PBXBuildFile; fileRef = 8E98635929CFAEAC003CCBED /* LikeService.swift */; };
		8E9BBA0D29D3476000183ED1 /* MarkdownContentView.swift in Sources */ = {isa = PBXBuildFile; fileRef = 8E9BBA0C29D3476000183ED1 /* MarkdownContentView.swift */; };
		8E9BBA0F29D3485500183ED1 /* ImageViewComponent.swift in Sources */ = {isa = PBXBuildFile; fileRef = 8E9BBA0E29D3485500183ED1 /* ImageViewComponent.swift */; };
		8E9BBA1229D34A6200183ED1 /* SingleCommentView.swift in Sources */ = {isa = PBXBuildFile; fileRef = 8E9BBA1129D34A6200183ED1 /* SingleCommentView.swift */; };
		8E9BBA1529D3500700183ED1 /* AddPostSheet.swift in Sources */ = {isa = PBXBuildFile; fileRef = 8E9BBA1429D3500700183ED1 /* AddPostSheet.swift */; };
		8E9BBA1729D37DF700183ED1 /* IsLoggedResponse.swift in Sources */ = {isa = PBXBuildFile; fileRef = 8E9BBA1629D37DF700183ED1 /* IsLoggedResponse.swift */; };
		8E9BBA1929D38D6300183ED1 /* EditPostSheet.swift in Sources */ = {isa = PBXBuildFile; fileRef = 8E9BBA1829D38D6300183ED1 /* EditPostSheet.swift */; };
		8E9CFDD629E5EB8700B7F9E3 /* PostObject.swift in Sources */ = {isa = PBXBuildFile; fileRef = 8E9CFDD529E5EB8700B7F9E3 /* PostObject.swift */; };
		8EB0E16E29D8C9D7001F65A6 /* AddPostView.swift in Sources */ = {isa = PBXBuildFile; fileRef = 8EB0E16D29D8C9D7001F65A6 /* AddPostView.swift */; };
		8ECB358A298DC8ED00D0D3D8 /* MarkdownHelper.swift in Sources */ = {isa = PBXBuildFile; fileRef = 8ECB3589298DC8ED00D0D3D8 /* MarkdownHelper.swift */; };
		8ECB358C2990278100D0D3D8 /* Images.xcassets in Resources */ = {isa = PBXBuildFile; fileRef = 8ECB358B2990278100D0D3D8 /* Images.xcassets */; };
		8ECB358E2990295B00D0D3D8 /* CommentListView.swift in Sources */ = {isa = PBXBuildFile; fileRef = 8ECB358D2990295B00D0D3D8 /* CommentListView.swift */; };
		8ECB3590299029DA00D0D3D8 /* ViewHelper.swift in Sources */ = {isa = PBXBuildFile; fileRef = 8ECB358F299029DA00D0D3D8 /* ViewHelper.swift */; };
		8ECB359529902AE100D0D3D8 /* Comment.swift in Sources */ = {isa = PBXBuildFile; fileRef = 8ECB359429902AE100D0D3D8 /* Comment.swift */; };
		8ECB359729902C9100D0D3D8 /* ProfileService.swift in Sources */ = {isa = PBXBuildFile; fileRef = 8ECB359629902C9100D0D3D8 /* ProfileService.swift */; };
		8ED8B72C2A0D51220099FC56 /* MarkdownText in Frameworks */ = {isa = PBXBuildFile; productRef = 8ED8B72B2A0D51220099FC56 /* MarkdownText */; };
		8EDA179F2985783A0038F888 /* SinglePostView.swift in Sources */ = {isa = PBXBuildFile; fileRef = 8EDA179E2985783A0038F888 /* SinglePostView.swift */; };
		8EDA17AD2985E1980038F888 /* Kingfisher in Frameworks */ = {isa = PBXBuildFile; productRef = 8EDA17AC2985E1980038F888 /* Kingfisher */; };
		8EE9CEEC29C35521004F5A42 /* CommentService.swift in Sources */ = {isa = PBXBuildFile; fileRef = 8EE9CEEB29C35521004F5A42 /* CommentService.swift */; };
		8EE9CEEE29C3AEAD004F5A42 /* LoginRegisterView.swift in Sources */ = {isa = PBXBuildFile; fileRef = 8EE9CEED29C3AEAD004F5A42 /* LoginRegisterView.swift */; };
		8EE9CEF229C3B863004F5A42 /* AuthenticationService.swift in Sources */ = {isa = PBXBuildFile; fileRef = 8EE9CEF129C3B863004F5A42 /* AuthenticationService.swift */; };
		8EE9CEF629C3C22A004F5A42 /* SwiftKeychainWrapper in Frameworks */ = {isa = PBXBuildFile; productRef = 8EE9CEF529C3C22A004F5A42 /* SwiftKeychainWrapper */; };
		8EE9CEF829C4902F004F5A42 /* LondrinaSolid-Regular.ttf in Resources */ = {isa = PBXBuildFile; fileRef = 8EE9CEF729C4902F004F5A42 /* LondrinaSolid-Regular.ttf */; };
		8EE9CF0029C4B0FF004F5A42 /* RegisterView.swift in Sources */ = {isa = PBXBuildFile; fileRef = 8EE9CEFF29C4B0FF004F5A42 /* RegisterView.swift */; };
		8EE9CF0329C65B90004F5A42 /* Alamofire in Frameworks */ = {isa = PBXBuildFile; productRef = 8EE9CF0229C65B90004F5A42 /* Alamofire */; };
		8EE9CF0629C65BBD004F5A42 /* JWTDecode in Frameworks */ = {isa = PBXBuildFile; productRef = 8EE9CF0529C65BBD004F5A42 /* JWTDecode */; };
		8EE9CF0A29C666B0004F5A42 /* Likes.swift in Sources */ = {isa = PBXBuildFile; fileRef = 8EE9CF0929C666B0004F5A42 /* Likes.swift */; };
/* End PBXBuildFile section */

/* Begin PBXFileReference section */
		8E0A82B829D211140094B6C3 /* DetailPostView.swift */ = {isa = PBXFileReference; lastKnownFileType = sourcecode.swift; path = DetailPostView.swift; sourceTree = "<group>"; };
		8E0A82BA29D21B2D0094B6C3 /* AddCommentView.swift */ = {isa = PBXFileReference; lastKnownFileType = sourcecode.swift; path = AddCommentView.swift; sourceTree = "<group>"; };
		8E15099C29919D8F008EEE43 /* PostService.swift */ = {isa = PBXFileReference; lastKnownFileType = sourcecode.swift; path = PostService.swift; sourceTree = "<group>"; };
		8E4C20A329819EEB006917D0 /* Bangerify.app */ = {isa = PBXFileReference; explicitFileType = wrapper.application; includeInIndex = 0; path = Bangerify.app; sourceTree = BUILT_PRODUCTS_DIR; };
		8E4C20A629819EEB006917D0 /* BangerifyApp.swift */ = {isa = PBXFileReference; lastKnownFileType = sourcecode.swift; path = BangerifyApp.swift; sourceTree = "<group>"; };
		8E4C20A829819EEB006917D0 /* MainboardView.swift */ = {isa = PBXFileReference; lastKnownFileType = sourcecode.swift; path = MainboardView.swift; sourceTree = "<group>"; };
		8E4C20AC29819EEB006917D0 /* Bangerify.entitlements */ = {isa = PBXFileReference; lastKnownFileType = text.plist.entitlements; path = Bangerify.entitlements; sourceTree = "<group>"; };
		8E4C20AE29819EEB006917D0 /* Preview Assets.xcassets */ = {isa = PBXFileReference; lastKnownFileType = folder.assetcatalog; path = "Preview Assets.xcassets"; sourceTree = "<group>"; };
		8E4C20B72981A67C006917D0 /* Post.swift */ = {isa = PBXFileReference; lastKnownFileType = sourcecode.swift; path = Post.swift; sourceTree = "<group>"; };
		8E60DDAC2A06A6A2004827E2 /* AddPostButtonView.swift */ = {isa = PBXFileReference; lastKnownFileType = sourcecode.swift; path = AddPostButtonView.swift; sourceTree = "<group>"; };
		8E60DDAF2A06A9E1004827E2 /* LoadingPlaceholderView.swift */ = {isa = PBXFileReference; lastKnownFileType = sourcecode.swift; path = LoadingPlaceholderView.swift; sourceTree = "<group>"; };
		8E60DDB32A0705B8004827E2 /* PostHeaderView.swift */ = {isa = PBXFileReference; lastKnownFileType = sourcecode.swift; path = PostHeaderView.swift; sourceTree = "<group>"; };
		8E60DDB52A070724004827E2 /* PostContentView.swift */ = {isa = PBXFileReference; lastKnownFileType = sourcecode.swift; path = PostContentView.swift; sourceTree = "<group>"; };
		8E60DDB72A0707C5004827E2 /* PostFooterView.swift */ = {isa = PBXFileReference; lastKnownFileType = sourcecode.swift; path = PostFooterView.swift; sourceTree = "<group>"; };
		8E7793EE29D0D81F0016C66B /* PostViewModel.swift */ = {isa = PBXFileReference; lastKnownFileType = sourcecode.swift; path = PostViewModel.swift; sourceTree = "<group>"; };
		8E9404F1298710BD00F647C8 /* ProfileView.swift */ = {isa = PBXFileReference; lastKnownFileType = sourcecode.swift; path = ProfileView.swift; sourceTree = "<group>"; };
		8E9404F32987113F00F647C8 /* Profile.swift */ = {isa = PBXFileReference; lastKnownFileType = sourcecode.swift; path = Profile.swift; sourceTree = "<group>"; };
		8E94DF9629C905280090074C /* MulitImageView.swift */ = {isa = PBXFileReference; lastKnownFileType = sourcecode.swift; path = MulitImageView.swift; sourceTree = "<group>"; };
		8E98635929CFAEAC003CCBED /* LikeService.swift */ = {isa = PBXFileReference; lastKnownFileType = sourcecode.swift; path = LikeService.swift; sourceTree = "<group>"; };
		8E9BBA0C29D3476000183ED1 /* MarkdownContentView.swift */ = {isa = PBXFileReference; lastKnownFileType = sourcecode.swift; path = MarkdownContentView.swift; sourceTree = "<group>"; };
		8E9BBA0E29D3485500183ED1 /* ImageViewComponent.swift */ = {isa = PBXFileReference; lastKnownFileType = sourcecode.swift; path = ImageViewComponent.swift; sourceTree = "<group>"; };
		8E9BBA1129D34A6200183ED1 /* SingleCommentView.swift */ = {isa = PBXFileReference; lastKnownFileType = sourcecode.swift; path = SingleCommentView.swift; sourceTree = "<group>"; };
		8E9BBA1429D3500700183ED1 /* AddPostSheet.swift */ = {isa = PBXFileReference; lastKnownFileType = sourcecode.swift; path = AddPostSheet.swift; sourceTree = "<group>"; };
		8E9BBA1629D37DF700183ED1 /* IsLoggedResponse.swift */ = {isa = PBXFileReference; lastKnownFileType = sourcecode.swift; path = IsLoggedResponse.swift; sourceTree = "<group>"; };
		8E9BBA1829D38D6300183ED1 /* EditPostSheet.swift */ = {isa = PBXFileReference; lastKnownFileType = sourcecode.swift; path = EditPostSheet.swift; sourceTree = "<group>"; };
		8E9CFDD529E5EB8700B7F9E3 /* PostObject.swift */ = {isa = PBXFileReference; lastKnownFileType = sourcecode.swift; path = PostObject.swift; sourceTree = "<group>"; };
		8EB0E16D29D8C9D7001F65A6 /* AddPostView.swift */ = {isa = PBXFileReference; lastKnownFileType = sourcecode.swift; path = AddPostView.swift; sourceTree = "<group>"; };
		8ECB3589298DC8ED00D0D3D8 /* MarkdownHelper.swift */ = {isa = PBXFileReference; lastKnownFileType = sourcecode.swift; path = MarkdownHelper.swift; sourceTree = "<group>"; };
		8ECB358B2990278100D0D3D8 /* Images.xcassets */ = {isa = PBXFileReference; lastKnownFileType = folder.assetcatalog; path = Images.xcassets; sourceTree = "<group>"; };
		8ECB358D2990295B00D0D3D8 /* CommentListView.swift */ = {isa = PBXFileReference; fileEncoding = 4; lastKnownFileType = sourcecode.swift; path = CommentListView.swift; sourceTree = "<group>"; };
		8ECB358F299029DA00D0D3D8 /* ViewHelper.swift */ = {isa = PBXFileReference; lastKnownFileType = sourcecode.swift; path = ViewHelper.swift; sourceTree = "<group>"; };
		8ECB359429902AE100D0D3D8 /* Comment.swift */ = {isa = PBXFileReference; fileEncoding = 4; lastKnownFileType = sourcecode.swift; path = Comment.swift; sourceTree = "<group>"; };
		8ECB359629902C9100D0D3D8 /* ProfileService.swift */ = {isa = PBXFileReference; lastKnownFileType = sourcecode.swift; path = ProfileService.swift; sourceTree = "<group>"; };
		8EDA179E2985783A0038F888 /* SinglePostView.swift */ = {isa = PBXFileReference; lastKnownFileType = sourcecode.swift; path = SinglePostView.swift; sourceTree = "<group>"; };
		8EE9CEEB29C35521004F5A42 /* CommentService.swift */ = {isa = PBXFileReference; lastKnownFileType = sourcecode.swift; path = CommentService.swift; sourceTree = "<group>"; };
		8EE9CEED29C3AEAD004F5A42 /* LoginRegisterView.swift */ = {isa = PBXFileReference; lastKnownFileType = sourcecode.swift; path = LoginRegisterView.swift; sourceTree = "<group>"; };
		8EE9CEF129C3B863004F5A42 /* AuthenticationService.swift */ = {isa = PBXFileReference; lastKnownFileType = sourcecode.swift; path = AuthenticationService.swift; sourceTree = "<group>"; };
		8EE9CEF729C4902F004F5A42 /* LondrinaSolid-Regular.ttf */ = {isa = PBXFileReference; lastKnownFileType = file; path = "LondrinaSolid-Regular.ttf"; sourceTree = "<group>"; };
		8EE9CEFE29C494C3004F5A42 /* Info.plist */ = {isa = PBXFileReference; lastKnownFileType = text.plist; path = Info.plist; sourceTree = "<group>"; };
		8EE9CEFF29C4B0FF004F5A42 /* RegisterView.swift */ = {isa = PBXFileReference; lastKnownFileType = sourcecode.swift; path = RegisterView.swift; sourceTree = "<group>"; };
		8EE9CF0929C666B0004F5A42 /* Likes.swift */ = {isa = PBXFileReference; lastKnownFileType = sourcecode.swift; path = Likes.swift; sourceTree = "<group>"; };
/* End PBXFileReference section */

/* Begin PBXFrameworksBuildPhase section */
		8E4C20A029819EEB006917D0 /* Frameworks */ = {
			isa = PBXFrameworksBuildPhase;
			buildActionMask = 2147483647;
			files = (
				8EE9CF0329C65B90004F5A42 /* Alamofire in Frameworks */,
				8EDA17AD2985E1980038F888 /* Kingfisher in Frameworks */,
				8ED8B72C2A0D51220099FC56 /* MarkdownText in Frameworks */,
				8EE9CF0629C65BBD004F5A42 /* JWTDecode in Frameworks */,
				8E4C20BC29829F59006917D0 /* SwiftyJSON in Frameworks */,
				8EE9CEF629C3C22A004F5A42 /* SwiftKeychainWrapper in Frameworks */,
			);
			runOnlyForDeploymentPostprocessing = 0;
		};
/* End PBXFrameworksBuildPhase section */

/* Begin PBXGroup section */
		8E4C209A29819EEA006917D0 = {
			isa = PBXGroup;
			children = (
				8E4C20A529819EEB006917D0 /* Bangerify */,
				8E4C20A429819EEB006917D0 /* Products */,
			);
			sourceTree = "<group>";
		};
		8E4C20A429819EEB006917D0 /* Products */ = {
			isa = PBXGroup;
			children = (
				8E4C20A329819EEB006917D0 /* Bangerify.app */,
			);
			name = Products;
			sourceTree = "<group>";
		};
		8E4C20A529819EEB006917D0 /* Bangerify */ = {
			isa = PBXGroup;
			children = (
				8EE9CEFE29C494C3004F5A42 /* Info.plist */,
				8E4C20AC29819EEB006917D0 /* Bangerify.entitlements */,
				8E4C20A629819EEB006917D0 /* BangerifyApp.swift */,
				8ECB359129902A1900D0D3D8 /* Views */,
				8ECB359229902A3800D0D3D8 /* View Components */,
				8ECB359829902C9700D0D3D8 /* Services */,
				8ECB359329902A6100D0D3D8 /* Data Structures */,
				8ECB3589298DC8ED00D0D3D8 /* MarkdownHelper.swift */,
				8ECB358F299029DA00D0D3D8 /* ViewHelper.swift */,
				8ECB358B2990278100D0D3D8 /* Images.xcassets */,
				8EE9CEFB29C490B4004F5A42 /* Fonts */,
				8E4C20AD29819EEB006917D0 /* Preview Content */,
			);
			path = Bangerify;
			sourceTree = "<group>";
		};
		8E4C20AD29819EEB006917D0 /* Preview Content */ = {
			isa = PBXGroup;
			children = (
				8E4C20AE29819EEB006917D0 /* Preview Assets.xcassets */,
			);
			path = "Preview Content";
			sourceTree = "<group>";
		};
		8E60DDAE2A06A85E004827E2 /* Button Views */ = {
			isa = PBXGroup;
			children = (
				8E60DDAC2A06A6A2004827E2 /* AddPostButtonView.swift */,
			);
			path = "Button Views";
			sourceTree = "<group>";
		};
		8E9BBA1029D349E200183ED1 /* Post */ = {
			isa = PBXGroup;
			children = (
				8E60DDB32A0705B8004827E2 /* PostHeaderView.swift */,
				8E60DDB52A070724004827E2 /* PostContentView.swift */,
				8E60DDB72A0707C5004827E2 /* PostFooterView.swift */,
			);
			path = Post;
			sourceTree = "<group>";
		};
		8E9BBA1329D34B8800183ED1 /* Comment */ = {
			isa = PBXGroup;
			children = (
				8E9BBA1129D34A6200183ED1 /* SingleCommentView.swift */,
				8ECB358D2990295B00D0D3D8 /* CommentListView.swift */,
			);
			path = Comment;
			sourceTree = "<group>";
		};
		8ECB359129902A1900D0D3D8 /* Views */ = {
			isa = PBXGroup;
			children = (
				8E4C20A829819EEB006917D0 /* MainboardView.swift */,
				8E9404F1298710BD00F647C8 /* ProfileView.swift */,
				8EE9CEED29C3AEAD004F5A42 /* LoginRegisterView.swift */,
				8EE9CEFF29C4B0FF004F5A42 /* RegisterView.swift */,
				8E0A82B829D211140094B6C3 /* DetailPostView.swift */,
				8E60DDAF2A06A9E1004827E2 /* LoadingPlaceholderView.swift */,
			);
			path = Views;
			sourceTree = "<group>";
		};
		8ECB359229902A3800D0D3D8 /* View Components */ = {
			isa = PBXGroup;
			children = (
				8EDA179E2985783A0038F888 /* SinglePostView.swift */,
				8E9BBA1329D34B8800183ED1 /* Comment */,
				8E9BBA1029D349E200183ED1 /* Post */,
				8E0A82BA29D21B2D0094B6C3 /* AddCommentView.swift */,
				8E9BBA1429D3500700183ED1 /* AddPostSheet.swift */,
				8EB0E16D29D8C9D7001F65A6 /* AddPostView.swift */,
				8E9BBA1829D38D6300183ED1 /* EditPostSheet.swift */,
				8E9BBA0C29D3476000183ED1 /* MarkdownContentView.swift */,
				8E9BBA0E29D3485500183ED1 /* ImageViewComponent.swift */,
				8E94DF9629C905280090074C /* MulitImageView.swift */,
				8E60DDAE2A06A85E004827E2 /* Button Views */,
			);
			path = "View Components";
			sourceTree = "<group>";
		};
		8ECB359329902A6100D0D3D8 /* Data Structures */ = {
			isa = PBXGroup;
			children = (
				8E4C20B72981A67C006917D0 /* Post.swift */,
				8ECB359429902AE100D0D3D8 /* Comment.swift */,
				8E9404F32987113F00F647C8 /* Profile.swift */,
				8EE9CF0929C666B0004F5A42 /* Likes.swift */,
				8E7793EE29D0D81F0016C66B /* PostViewModel.swift */,
				8E9BBA1629D37DF700183ED1 /* IsLoggedResponse.swift */,
				8E9CFDD529E5EB8700B7F9E3 /* PostObject.swift */,
			);
			path = "Data Structures";
			sourceTree = "<group>";
		};
		8ECB359829902C9700D0D3D8 /* Services */ = {
			isa = PBXGroup;
			children = (
				8ECB359629902C9100D0D3D8 /* ProfileService.swift */,
				8E15099C29919D8F008EEE43 /* PostService.swift */,
				8EE9CEEB29C35521004F5A42 /* CommentService.swift */,
				8EE9CEF129C3B863004F5A42 /* AuthenticationService.swift */,
				8E98635929CFAEAC003CCBED /* LikeService.swift */,
			);
			path = Services;
			sourceTree = "<group>";
		};
		8EE9CEFB29C490B4004F5A42 /* Fonts */ = {
			isa = PBXGroup;
			children = (
				8EE9CEF729C4902F004F5A42 /* LondrinaSolid-Regular.ttf */,
			);
			path = Fonts;
			sourceTree = "<group>";
		};
/* End PBXGroup section */

/* Begin PBXNativeTarget section */
		8E4C20A229819EEB006917D0 /* Bangerify */ = {
			isa = PBXNativeTarget;
			buildConfigurationList = 8E4C20B229819EEB006917D0 /* Build configuration list for PBXNativeTarget "Bangerify" */;
			buildPhases = (
				8E4C209F29819EEB006917D0 /* Sources */,
				8E4C20A029819EEB006917D0 /* Frameworks */,
				8E4C20A129819EEB006917D0 /* Resources */,
			);
			buildRules = (
			);
			dependencies = (
			);
			name = Bangerify;
			packageProductDependencies = (
				8E4C20BB29829F59006917D0 /* SwiftyJSON */,
				8EDA17AC2985E1980038F888 /* Kingfisher */,
				8EE9CEF529C3C22A004F5A42 /* SwiftKeychainWrapper */,
				8EE9CF0229C65B90004F5A42 /* Alamofire */,
				8EE9CF0529C65BBD004F5A42 /* JWTDecode */,
				8ED8B72B2A0D51220099FC56 /* MarkdownText */,
			);
			productName = Bangerify;
			productReference = 8E4C20A329819EEB006917D0 /* Bangerify.app */;
			productType = "com.apple.product-type.application";
		};
/* End PBXNativeTarget section */

/* Begin PBXProject section */
		8E4C209B29819EEA006917D0 /* Project object */ = {
			isa = PBXProject;
			attributes = {
				BuildIndependentTargetsInParallel = 1;
				LastSwiftUpdateCheck = 1420;
				LastUpgradeCheck = 1430;
				TargetAttributes = {
					8E4C20A229819EEB006917D0 = {
						CreatedOnToolsVersion = 14.2;
					};
				};
			};
			buildConfigurationList = 8E4C209E29819EEA006917D0 /* Build configuration list for PBXProject "Bangerify" */;
			compatibilityVersion = "Xcode 14.0";
			developmentRegion = en;
			hasScannedForEncodings = 0;
			knownRegions = (
				en,
				Base,
			);
			mainGroup = 8E4C209A29819EEA006917D0;
			packageReferences = (
				8E4C20BA29829F59006917D0 /* XCRemoteSwiftPackageReference "SwiftyJSON" */,
				8EDA17AB2985E1980038F888 /* XCRemoteSwiftPackageReference "Kingfisher" */,
				8EE9CEF429C3C22A004F5A42 /* XCRemoteSwiftPackageReference "SwiftKeychainWrapper" */,
				8EE9CF0129C65B90004F5A42 /* XCRemoteSwiftPackageReference "Alamofire" */,
				8EE9CF0429C65BBD004F5A42 /* XCRemoteSwiftPackageReference "JWTDecode" */,
				8ED8B72A2A0D51220099FC56 /* XCRemoteSwiftPackageReference "MarkdownText" */,
			);
			productRefGroup = 8E4C20A429819EEB006917D0 /* Products */;
			projectDirPath = "";
			projectRoot = "";
			targets = (
				8E4C20A229819EEB006917D0 /* Bangerify */,
			);
		};
/* End PBXProject section */

/* Begin PBXResourcesBuildPhase section */
		8E4C20A129819EEB006917D0 /* Resources */ = {
			isa = PBXResourcesBuildPhase;
			buildActionMask = 2147483647;
			files = (
				8E4C20AF29819EEB006917D0 /* Preview Assets.xcassets in Resources */,
				8EE9CEF829C4902F004F5A42 /* LondrinaSolid-Regular.ttf in Resources */,
				8ECB358C2990278100D0D3D8 /* Images.xcassets in Resources */,
			);
			runOnlyForDeploymentPostprocessing = 0;
		};
/* End PBXResourcesBuildPhase section */

/* Begin PBXSourcesBuildPhase section */
		8E4C209F29819EEB006917D0 /* Sources */ = {
			isa = PBXSourcesBuildPhase;
			buildActionMask = 2147483647;
			files = (
				8E60DDB62A070724004827E2 /* PostContentView.swift in Sources */,
				8E9BBA1729D37DF700183ED1 /* IsLoggedResponse.swift in Sources */,
				8E94DF9729C905280090074C /* MulitImageView.swift in Sources */,
				8E9BBA0D29D3476000183ED1 /* MarkdownContentView.swift in Sources */,
				8E9BBA1229D34A6200183ED1 /* SingleCommentView.swift in Sources */,
				8E0A82BB29D21B2D0094B6C3 /* AddCommentView.swift in Sources */,
				8ECB3590299029DA00D0D3D8 /* ViewHelper.swift in Sources */,
				8E60DDAD2A06A6A2004827E2 /* AddPostButtonView.swift in Sources */,
				8E60DDB82A0707C5004827E2 /* PostFooterView.swift in Sources */,
				8ECB358E2990295B00D0D3D8 /* CommentListView.swift in Sources */,
				8E9BBA0F29D3485500183ED1 /* ImageViewComponent.swift in Sources */,
				8E9CFDD629E5EB8700B7F9E3 /* PostObject.swift in Sources */,
				8E4C20A929819EEB006917D0 /* MainboardView.swift in Sources */,
				8E4C20A729819EEB006917D0 /* BangerifyApp.swift in Sources */,
				8E9BBA1529D3500700183ED1 /* AddPostSheet.swift in Sources */,
				8ECB358A298DC8ED00D0D3D8 /* MarkdownHelper.swift in Sources */,
				8E60DDB42A0705B8004827E2 /* PostHeaderView.swift in Sources */,
				8ECB359729902C9100D0D3D8 /* ProfileService.swift in Sources */,
				8EE9CF0A29C666B0004F5A42 /* Likes.swift in Sources */,
				8E9404F42987113F00F647C8 /* Profile.swift in Sources */,
				8E0A82B929D211140094B6C3 /* DetailPostView.swift in Sources */,
				8EE9CF0029C4B0FF004F5A42 /* RegisterView.swift in Sources */,
				8E60DDB02A06A9E1004827E2 /* LoadingPlaceholderView.swift in Sources */,
				8E4C20B82981A67C006917D0 /* Post.swift in Sources */,
				8E9404F2298710BD00F647C8 /* ProfileView.swift in Sources */,
				8EE9CEEE29C3AEAD004F5A42 /* LoginRegisterView.swift in Sources */,
				8E9BBA1929D38D6300183ED1 /* EditPostSheet.swift in Sources */,
				8E15099D29919D8F008EEE43 /* PostService.swift in Sources */,
				8E98635A29CFAEAC003CCBED /* LikeService.swift in Sources */,
				8EE9CEF229C3B863004F5A42 /* AuthenticationService.swift in Sources */,
				8E7793EF29D0D81F0016C66B /* PostViewModel.swift in Sources */,
				8EB0E16E29D8C9D7001F65A6 /* AddPostView.swift in Sources */,
				8ECB359529902AE100D0D3D8 /* Comment.swift in Sources */,
				8EE9CEEC29C35521004F5A42 /* CommentService.swift in Sources */,
				8EDA179F2985783A0038F888 /* SinglePostView.swift in Sources */,
			);
			runOnlyForDeploymentPostprocessing = 0;
		};
/* End PBXSourcesBuildPhase section */

/* Begin XCBuildConfiguration section */
		8E4C20B029819EEB006917D0 /* Debug */ = {
			isa = XCBuildConfiguration;
			buildSettings = {
				ALWAYS_SEARCH_USER_PATHS = NO;
				ASSETCATALOG_COMPILER_GLOBAL_ACCENT_COLOR_NAME = "";
				CLANG_ANALYZER_NONNULL = YES;
				CLANG_ANALYZER_NUMBER_OBJECT_CONVERSION = YES_AGGRESSIVE;
				CLANG_CXX_LANGUAGE_STANDARD = "gnu++20";
				CLANG_ENABLE_MODULES = YES;
				CLANG_ENABLE_OBJC_ARC = YES;
				CLANG_ENABLE_OBJC_WEAK = YES;
				CLANG_WARN_BLOCK_CAPTURE_AUTORELEASING = YES;
				CLANG_WARN_BOOL_CONVERSION = YES;
				CLANG_WARN_COMMA = YES;
				CLANG_WARN_CONSTANT_CONVERSION = YES;
				CLANG_WARN_DEPRECATED_OBJC_IMPLEMENTATIONS = YES;
				CLANG_WARN_DIRECT_OBJC_ISA_USAGE = YES_ERROR;
				CLANG_WARN_DOCUMENTATION_COMMENTS = YES;
				CLANG_WARN_EMPTY_BODY = YES;
				CLANG_WARN_ENUM_CONVERSION = YES;
				CLANG_WARN_INFINITE_RECURSION = YES;
				CLANG_WARN_INT_CONVERSION = YES;
				CLANG_WARN_NON_LITERAL_NULL_CONVERSION = YES;
				CLANG_WARN_OBJC_IMPLICIT_RETAIN_SELF = YES;
				CLANG_WARN_OBJC_LITERAL_CONVERSION = YES;
				CLANG_WARN_OBJC_ROOT_CLASS = YES_ERROR;
				CLANG_WARN_QUOTED_INCLUDE_IN_FRAMEWORK_HEADER = YES;
				CLANG_WARN_RANGE_LOOP_ANALYSIS = YES;
				CLANG_WARN_STRICT_PROTOTYPES = YES;
				CLANG_WARN_SUSPICIOUS_MOVE = YES;
				CLANG_WARN_UNGUARDED_AVAILABILITY = YES_AGGRESSIVE;
				CLANG_WARN_UNREACHABLE_CODE = YES;
				CLANG_WARN__DUPLICATE_METHOD_MATCH = YES;
				COPY_PHASE_STRIP = NO;
				DEAD_CODE_STRIPPING = YES;
				DEBUG_INFORMATION_FORMAT = dwarf;
				ENABLE_STRICT_OBJC_MSGSEND = YES;
				ENABLE_TESTABILITY = YES;
				GCC_C_LANGUAGE_STANDARD = gnu11;
				GCC_DYNAMIC_NO_PIC = NO;
				GCC_NO_COMMON_BLOCKS = YES;
				GCC_OPTIMIZATION_LEVEL = 0;
				GCC_PREPROCESSOR_DEFINITIONS = (
					"DEBUG=1",
					"$(inherited)",
				);
				GCC_WARN_64_TO_32_BIT_CONVERSION = YES;
				GCC_WARN_ABOUT_RETURN_TYPE = YES_ERROR;
				GCC_WARN_UNDECLARED_SELECTOR = YES;
				GCC_WARN_UNINITIALIZED_AUTOS = YES_AGGRESSIVE;
				GCC_WARN_UNUSED_FUNCTION = YES;
				GCC_WARN_UNUSED_VARIABLE = YES;
				IPHONEOS_DEPLOYMENT_TARGET = 17.0;
				MTL_ENABLE_DEBUG_INFO = INCLUDE_SOURCE;
				MTL_FAST_MATH = YES;
				ONLY_ACTIVE_ARCH = YES;
				SWIFT_ACTIVE_COMPILATION_CONDITIONS = DEBUG;
				SWIFT_OPTIMIZATION_LEVEL = "-Onone";
			};
			name = Debug;
		};
		8E4C20B129819EEB006917D0 /* Release */ = {
			isa = XCBuildConfiguration;
			buildSettings = {
				ALWAYS_SEARCH_USER_PATHS = NO;
				ASSETCATALOG_COMPILER_GLOBAL_ACCENT_COLOR_NAME = "";
				CLANG_ANALYZER_NONNULL = YES;
				CLANG_ANALYZER_NUMBER_OBJECT_CONVERSION = YES_AGGRESSIVE;
				CLANG_CXX_LANGUAGE_STANDARD = "gnu++20";
				CLANG_ENABLE_MODULES = YES;
				CLANG_ENABLE_OBJC_ARC = YES;
				CLANG_ENABLE_OBJC_WEAK = YES;
				CLANG_WARN_BLOCK_CAPTURE_AUTORELEASING = YES;
				CLANG_WARN_BOOL_CONVERSION = YES;
				CLANG_WARN_COMMA = YES;
				CLANG_WARN_CONSTANT_CONVERSION = YES;
				CLANG_WARN_DEPRECATED_OBJC_IMPLEMENTATIONS = YES;
				CLANG_WARN_DIRECT_OBJC_ISA_USAGE = YES_ERROR;
				CLANG_WARN_DOCUMENTATION_COMMENTS = YES;
				CLANG_WARN_EMPTY_BODY = YES;
				CLANG_WARN_ENUM_CONVERSION = YES;
				CLANG_WARN_INFINITE_RECURSION = YES;
				CLANG_WARN_INT_CONVERSION = YES;
				CLANG_WARN_NON_LITERAL_NULL_CONVERSION = YES;
				CLANG_WARN_OBJC_IMPLICIT_RETAIN_SELF = YES;
				CLANG_WARN_OBJC_LITERAL_CONVERSION = YES;
				CLANG_WARN_OBJC_ROOT_CLASS = YES_ERROR;
				CLANG_WARN_QUOTED_INCLUDE_IN_FRAMEWORK_HEADER = YES;
				CLANG_WARN_RANGE_LOOP_ANALYSIS = YES;
				CLANG_WARN_STRICT_PROTOTYPES = YES;
				CLANG_WARN_SUSPICIOUS_MOVE = YES;
				CLANG_WARN_UNGUARDED_AVAILABILITY = YES_AGGRESSIVE;
				CLANG_WARN_UNREACHABLE_CODE = YES;
				CLANG_WARN__DUPLICATE_METHOD_MATCH = YES;
				COPY_PHASE_STRIP = NO;
				DEAD_CODE_STRIPPING = YES;
				DEBUG_INFORMATION_FORMAT = "dwarf-with-dsym";
				ENABLE_NS_ASSERTIONS = NO;
				ENABLE_STRICT_OBJC_MSGSEND = YES;
				GCC_C_LANGUAGE_STANDARD = gnu11;
				GCC_NO_COMMON_BLOCKS = YES;
				GCC_WARN_64_TO_32_BIT_CONVERSION = YES;
				GCC_WARN_ABOUT_RETURN_TYPE = YES_ERROR;
				GCC_WARN_UNDECLARED_SELECTOR = YES;
				GCC_WARN_UNINITIALIZED_AUTOS = YES_AGGRESSIVE;
				GCC_WARN_UNUSED_FUNCTION = YES;
				GCC_WARN_UNUSED_VARIABLE = YES;
				IPHONEOS_DEPLOYMENT_TARGET = 17.0;
				MTL_ENABLE_DEBUG_INFO = NO;
				MTL_FAST_MATH = YES;
				SWIFT_COMPILATION_MODE = wholemodule;
				SWIFT_OPTIMIZATION_LEVEL = "-O";
			};
			name = Release;
		};
		8E4C20B329819EEB006917D0 /* Debug */ = {
			isa = XCBuildConfiguration;
			buildSettings = {
				ASSETCATALOG_COMPILER_APPICON_NAME = AppIcon;
				ASSETCATALOG_COMPILER_GLOBAL_ACCENT_COLOR_NAME = "";
				ASSETCATALOG_COMPILER_INCLUDE_ALL_APPICON_ASSETS = NO;
				CODE_SIGN_ENTITLEMENTS = Bangerify/Bangerify.entitlements;
				CODE_SIGN_STYLE = Automatic;
				CURRENT_PROJECT_VERSION = 1;
				DEAD_CODE_STRIPPING = YES;
				DEVELOPMENT_ASSET_PATHS = "\"Bangerify/Preview Content\"";
				DEVELOPMENT_TEAM = BECP7HX57Q;
				ENABLE_HARDENED_RUNTIME = YES;
				ENABLE_PREVIEWS = YES;
				GENERATE_INFOPLIST_FILE = YES;
				INFOPLIST_FILE = Bangerify/Info.plist;
				INFOPLIST_KEY_CFBundleDisplayName = Bangerify;
				INFOPLIST_KEY_LSApplicationCategoryType = "public.app-category.social-networking";
				INFOPLIST_KEY_UIApplicationSceneManifest_Generation = YES;
				"INFOPLIST_KEY_UIApplicationSceneManifest_Generation[sdk=iphoneos*]" = YES;
				"INFOPLIST_KEY_UIApplicationSceneManifest_Generation[sdk=iphonesimulator*]" = YES;
				"INFOPLIST_KEY_UIApplicationSupportsIndirectInputEvents[sdk=iphoneos*]" = YES;
				"INFOPLIST_KEY_UIApplicationSupportsIndirectInputEvents[sdk=iphonesimulator*]" = YES;
				"INFOPLIST_KEY_UILaunchScreen_Generation[sdk=iphoneos*]" = YES;
				"INFOPLIST_KEY_UILaunchScreen_Generation[sdk=iphonesimulator*]" = YES;
				"INFOPLIST_KEY_UIStatusBarStyle[sdk=iphoneos*]" = UIStatusBarStyleDefault;
				"INFOPLIST_KEY_UIStatusBarStyle[sdk=iphonesimulator*]" = UIStatusBarStyleDefault;
				INFOPLIST_KEY_UISupportedInterfaceOrientations_iPad = "UIInterfaceOrientationPortrait UIInterfaceOrientationPortraitUpsideDown UIInterfaceOrientationLandscapeLeft UIInterfaceOrientationLandscapeRight";
				INFOPLIST_KEY_UISupportedInterfaceOrientations_iPhone = "UIInterfaceOrientationPortrait UIInterfaceOrientationLandscapeLeft UIInterfaceOrientationLandscapeRight";
				IPHONEOS_DEPLOYMENT_TARGET = 16.4;
				LD_RUNPATH_SEARCH_PATHS = "@executable_path/Frameworks";
				"LD_RUNPATH_SEARCH_PATHS[sdk=macosx*]" = "@executable_path/../Frameworks";
				MACOSX_DEPLOYMENT_TARGET = 13.3;
				MARKETING_VERSION = 1.0;
				PRODUCT_BUNDLE_IDENTIFIER = com.kasperek.Bangerify;
				PRODUCT_NAME = "$(TARGET_NAME)";
				SDKROOT = auto;
				SUPPORTED_PLATFORMS = "iphoneos iphonesimulator macosx";
				SWIFT_EMIT_LOC_STRINGS = YES;
				SWIFT_VERSION = 5.0;
				TARGETED_DEVICE_FAMILY = "1,2";
			};
			name = Debug;
		};
		8E4C20B429819EEB006917D0 /* Release */ = {
			isa = XCBuildConfiguration;
			buildSettings = {
				ASSETCATALOG_COMPILER_APPICON_NAME = AppIcon;
				ASSETCATALOG_COMPILER_GLOBAL_ACCENT_COLOR_NAME = "";
				ASSETCATALOG_COMPILER_INCLUDE_ALL_APPICON_ASSETS = NO;
				CODE_SIGN_ENTITLEMENTS = Bangerify/Bangerify.entitlements;
				CODE_SIGN_STYLE = Automatic;
				CURRENT_PROJECT_VERSION = 1;
				DEAD_CODE_STRIPPING = YES;
				DEVELOPMENT_ASSET_PATHS = "\"Bangerify/Preview Content\"";
				DEVELOPMENT_TEAM = BECP7HX57Q;
				ENABLE_HARDENED_RUNTIME = YES;
				ENABLE_PREVIEWS = YES;
				GENERATE_INFOPLIST_FILE = YES;
				INFOPLIST_FILE = Bangerify/Info.plist;
				INFOPLIST_KEY_CFBundleDisplayName = Bangerify;
				INFOPLIST_KEY_LSApplicationCategoryType = "public.app-category.social-networking";
				INFOPLIST_KEY_UIApplicationSceneManifest_Generation = YES;
				"INFOPLIST_KEY_UIApplicationSceneManifest_Generation[sdk=iphoneos*]" = YES;
				"INFOPLIST_KEY_UIApplicationSceneManifest_Generation[sdk=iphonesimulator*]" = YES;
				"INFOPLIST_KEY_UIApplicationSupportsIndirectInputEvents[sdk=iphoneos*]" = YES;
				"INFOPLIST_KEY_UIApplicationSupportsIndirectInputEvents[sdk=iphonesimulator*]" = YES;
				"INFOPLIST_KEY_UILaunchScreen_Generation[sdk=iphoneos*]" = YES;
				"INFOPLIST_KEY_UILaunchScreen_Generation[sdk=iphonesimulator*]" = YES;
				"INFOPLIST_KEY_UIStatusBarStyle[sdk=iphoneos*]" = UIStatusBarStyleDefault;
				"INFOPLIST_KEY_UIStatusBarStyle[sdk=iphonesimulator*]" = UIStatusBarStyleDefault;
				INFOPLIST_KEY_UISupportedInterfaceOrientations_iPad = "UIInterfaceOrientationPortrait UIInterfaceOrientationPortraitUpsideDown UIInterfaceOrientationLandscapeLeft UIInterfaceOrientationLandscapeRight";
				INFOPLIST_KEY_UISupportedInterfaceOrientations_iPhone = "UIInterfaceOrientationPortrait UIInterfaceOrientationLandscapeLeft UIInterfaceOrientationLandscapeRight";
				IPHONEOS_DEPLOYMENT_TARGET = 16.4;
				LD_RUNPATH_SEARCH_PATHS = "@executable_path/Frameworks";
				"LD_RUNPATH_SEARCH_PATHS[sdk=macosx*]" = "@executable_path/../Frameworks";
				MACOSX_DEPLOYMENT_TARGET = 13.3;
				MARKETING_VERSION = 1.0;
				PRODUCT_BUNDLE_IDENTIFIER = com.kasperek.Bangerify;
				PRODUCT_NAME = "$(TARGET_NAME)";
				SDKROOT = auto;
				SUPPORTED_PLATFORMS = "iphoneos iphonesimulator macosx";
				SWIFT_EMIT_LOC_STRINGS = YES;
				SWIFT_VERSION = 5.0;
				TARGETED_DEVICE_FAMILY = "1,2";
			};
			name = Release;
		};
/* End XCBuildConfiguration section */

/* Begin XCConfigurationList section */
		8E4C209E29819EEA006917D0 /* Build configuration list for PBXProject "Bangerify" */ = {
			isa = XCConfigurationList;
			buildConfigurations = (
				8E4C20B029819EEB006917D0 /* Debug */,
				8E4C20B129819EEB006917D0 /* Release */,
			);
			defaultConfigurationIsVisible = 0;
			defaultConfigurationName = Release;
		};
		8E4C20B229819EEB006917D0 /* Build configuration list for PBXNativeTarget "Bangerify" */ = {
			isa = XCConfigurationList;
			buildConfigurations = (
				8E4C20B329819EEB006917D0 /* Debug */,
				8E4C20B429819EEB006917D0 /* Release */,
			);
			defaultConfigurationIsVisible = 0;
			defaultConfigurationName = Release;
		};
/* End XCConfigurationList section */

/* Begin XCRemoteSwiftPackageReference section */
		8E4C20BA29829F59006917D0 /* XCRemoteSwiftPackageReference "SwiftyJSON" */ = {
			isa = XCRemoteSwiftPackageReference;
			repositoryURL = "https://github.com/SwiftyJSON/SwiftyJSON.git";
			requirement = {
				kind = upToNextMajorVersion;
				minimumVersion = 5.0.0;
			};
		};
		8ED8B72A2A0D51220099FC56 /* XCRemoteSwiftPackageReference "MarkdownText" */ = {
			isa = XCRemoteSwiftPackageReference;
			repositoryURL = "https://github.com/shaps80/MarkdownText";
			requirement = {
				kind = upToNextMajorVersion;
				minimumVersion = 1.0.0;
			};
		};
		8EDA17AB2985E1980038F888 /* XCRemoteSwiftPackageReference "Kingfisher" */ = {
			isa = XCRemoteSwiftPackageReference;
			repositoryURL = "https://github.com/onevcat/Kingfisher.git";
			requirement = {
				kind = upToNextMajorVersion;
				minimumVersion = 7.0.0;
			};
		};
		8EE9CEF429C3C22A004F5A42 /* XCRemoteSwiftPackageReference "SwiftKeychainWrapper" */ = {
			isa = XCRemoteSwiftPackageReference;
			repositoryURL = "https://github.com/jrendel/SwiftKeychainWrapper.git";
			requirement = {
				kind = upToNextMajorVersion;
				minimumVersion = 4.0.0;
			};
		};
		8EE9CF0129C65B90004F5A42 /* XCRemoteSwiftPackageReference "Alamofire" */ = {
			isa = XCRemoteSwiftPackageReference;
			repositoryURL = "https://github.com/Alamofire/Alamofire.git";
			requirement = {
				kind = upToNextMajorVersion;
				minimumVersion = 5.0.0;
			};
		};
		8EE9CF0429C65BBD004F5A42 /* XCRemoteSwiftPackageReference "JWTDecode" */ = {
			isa = XCRemoteSwiftPackageReference;
			repositoryURL = "https://github.com/auth0/JWTDecode.swift";
			requirement = {
				kind = upToNextMajorVersion;
				minimumVersion = 3.0.0;
			};
		};
/* End XCRemoteSwiftPackageReference section */

/* Begin XCSwiftPackageProductDependency section */
		8E4C20BB29829F59006917D0 /* SwiftyJSON */ = {
			isa = XCSwiftPackageProductDependency;
			package = 8E4C20BA29829F59006917D0 /* XCRemoteSwiftPackageReference "SwiftyJSON" */;
			productName = SwiftyJSON;
		};
		8ED8B72B2A0D51220099FC56 /* MarkdownText */ = {
			isa = XCSwiftPackageProductDependency;
			package = 8ED8B72A2A0D51220099FC56 /* XCRemoteSwiftPackageReference "MarkdownText" */;
			productName = MarkdownText;
		};
		8EDA17AC2985E1980038F888 /* Kingfisher */ = {
			isa = XCSwiftPackageProductDependency;
			package = 8EDA17AB2985E1980038F888 /* XCRemoteSwiftPackageReference "Kingfisher" */;
			productName = Kingfisher;
		};
		8EE9CEF529C3C22A004F5A42 /* SwiftKeychainWrapper */ = {
			isa = XCSwiftPackageProductDependency;
			package = 8EE9CEF429C3C22A004F5A42 /* XCRemoteSwiftPackageReference "SwiftKeychainWrapper" */;
			productName = SwiftKeychainWrapper;
		};
		8EE9CF0229C65B90004F5A42 /* Alamofire */ = {
			isa = XCSwiftPackageProductDependency;
			package = 8EE9CF0129C65B90004F5A42 /* XCRemoteSwiftPackageReference "Alamofire" */;
			productName = Alamofire;
		};
		8EE9CF0529C65BBD004F5A42 /* JWTDecode */ = {
			isa = XCSwiftPackageProductDependency;
			package = 8EE9CF0429C65BBD004F5A42 /* XCRemoteSwiftPackageReference "JWTDecode" */;
			productName = JWTDecode;
		};
/* End XCSwiftPackageProductDependency section */
	};
	rootObject = 8E4C209B29819EEA006917D0 /* Project object */;
}
