// !$*UTF8*$!
{
	archiveVersion = 1;
	classes = {
	};
	objectVersion = 56;
	objects = {

/* Begin PBXBuildFile section */
		8E4C20A729819EEB006917D0 /* BangerifyApp.swift in Sources */ = {isa = PBXBuildFile; fileRef = 8E4C20A629819EEB006917D0 /* BangerifyApp.swift */; };
		8E4C20A929819EEB006917D0 /* ContentView.swift in Sources */ = {isa = PBXBuildFile; fileRef = 8E4C20A829819EEB006917D0 /* ContentView.swift */; };
		8E4C20AF29819EEB006917D0 /* Preview Assets.xcassets in Resources */ = {isa = PBXBuildFile; fileRef = 8E4C20AE29819EEB006917D0 /* Preview Assets.xcassets */; };
		8E4C20B62981A60D006917D0 /* Network.swift in Sources */ = {isa = PBXBuildFile; fileRef = 8E4C20B52981A60D006917D0 /* Network.swift */; };
		8E4C20B82981A67C006917D0 /* Post.swift in Sources */ = {isa = PBXBuildFile; fileRef = 8E4C20B72981A67C006917D0 /* Post.swift */; };
		8E4C20BC29829F59006917D0 /* SwiftyJSON in Frameworks */ = {isa = PBXBuildFile; productRef = 8E4C20BB29829F59006917D0 /* SwiftyJSON */; };
		8EDA17972983CA250038F888 /* icon.png in Resources */ = {isa = PBXBuildFile; fileRef = 8EDA17932983CA250038F888 /* icon.png */; };
		8EDA17982983CA250038F888 /* bangerifyfavicon.png in Resources */ = {isa = PBXBuildFile; fileRef = 8EDA17942983CA250038F888 /* bangerifyfavicon.png */; };
		8EDA17992983CA250038F888 /* logo.svg in Resources */ = {isa = PBXBuildFile; fileRef = 8EDA17952983CA250038F888 /* logo.svg */; };
		8EDA179A2983CA250038F888 /* user_placeholder.png in Resources */ = {isa = PBXBuildFile; fileRef = 8EDA17962983CA250038F888 /* user_placeholder.png */; };
		8EDA179F2985783A0038F888 /* PostUI.swift in Sources */ = {isa = PBXBuildFile; fileRef = 8EDA179E2985783A0038F888 /* PostUI.swift */; };
/* End PBXBuildFile section */

/* Begin PBXFileReference section */
		8E4C20A329819EEB006917D0 /* Bangerify.app */ = {isa = PBXFileReference; explicitFileType = wrapper.application; includeInIndex = 0; path = Bangerify.app; sourceTree = BUILT_PRODUCTS_DIR; };
		8E4C20A629819EEB006917D0 /* BangerifyApp.swift */ = {isa = PBXFileReference; lastKnownFileType = sourcecode.swift; path = BangerifyApp.swift; sourceTree = "<group>"; };
		8E4C20A829819EEB006917D0 /* ContentView.swift */ = {isa = PBXFileReference; lastKnownFileType = sourcecode.swift; path = ContentView.swift; sourceTree = "<group>"; };
		8E4C20AC29819EEB006917D0 /* Bangerify.entitlements */ = {isa = PBXFileReference; lastKnownFileType = text.plist.entitlements; path = Bangerify.entitlements; sourceTree = "<group>"; };
		8E4C20AE29819EEB006917D0 /* Preview Assets.xcassets */ = {isa = PBXFileReference; lastKnownFileType = folder.assetcatalog; path = "Preview Assets.xcassets"; sourceTree = "<group>"; };
		8E4C20B52981A60D006917D0 /* Network.swift */ = {isa = PBXFileReference; lastKnownFileType = sourcecode.swift; path = Network.swift; sourceTree = "<group>"; };
		8E4C20B72981A67C006917D0 /* Post.swift */ = {isa = PBXFileReference; lastKnownFileType = sourcecode.swift; path = Post.swift; sourceTree = "<group>"; };
		8EDA17932983CA250038F888 /* icon.png */ = {isa = PBXFileReference; lastKnownFileType = image.png; path = icon.png; sourceTree = "<group>"; };
		8EDA17942983CA250038F888 /* bangerifyfavicon.png */ = {isa = PBXFileReference; lastKnownFileType = image.png; path = bangerifyfavicon.png; sourceTree = "<group>"; };
		8EDA17952983CA250038F888 /* logo.svg */ = {isa = PBXFileReference; fileEncoding = 4; lastKnownFileType = text; path = logo.svg; sourceTree = "<group>"; };
		8EDA17962983CA250038F888 /* user_placeholder.png */ = {isa = PBXFileReference; lastKnownFileType = image.png; path = user_placeholder.png; sourceTree = "<group>"; };
		8EDA179E2985783A0038F888 /* PostUI.swift */ = {isa = PBXFileReference; lastKnownFileType = sourcecode.swift; path = PostUI.swift; sourceTree = "<group>"; };
/* End PBXFileReference section */

/* Begin PBXFrameworksBuildPhase section */
		8E4C20A029819EEB006917D0 /* Frameworks */ = {
			isa = PBXFrameworksBuildPhase;
			buildActionMask = 2147483647;
			files = (
				8E4C20BC29829F59006917D0 /* SwiftyJSON in Frameworks */,
			);
			runOnlyForDeploymentPostprocessing = 0;
		};
/* End PBXFrameworksBuildPhase section */

/* Begin PBXGroup section */
		8E4C209A29819EEA006917D0 = {
			isa = PBXGroup;
			children = (
				8E4C20A529819EEB006917D0 /* Bangerify */,
				8E4C20A429819EEB006917D0 /* Products */,
			);
			sourceTree = "<group>";
		};
		8E4C20A429819EEB006917D0 /* Products */ = {
			isa = PBXGroup;
			children = (
				8E4C20A329819EEB006917D0 /* Bangerify.app */,
			);
			name = Products;
			sourceTree = "<group>";
		};
		8E4C20A529819EEB006917D0 /* Bangerify */ = {
			isa = PBXGroup;
			children = (
				8E4C20A629819EEB006917D0 /* BangerifyApp.swift */,
				8E4C20A829819EEB006917D0 /* ContentView.swift */,
				8EDA17942983CA250038F888 /* bangerifyfavicon.png */,
				8EDA17952983CA250038F888 /* logo.svg */,
				8EDA17932983CA250038F888 /* icon.png */,
				8EDA17962983CA250038F888 /* user_placeholder.png */,
				8E4C20AC29819EEB006917D0 /* Bangerify.entitlements */,
				8E4C20AD29819EEB006917D0 /* Preview Content */,
				8E4C20B52981A60D006917D0 /* Network.swift */,
				8E4C20B72981A67C006917D0 /* Post.swift */,
				8EDA179E2985783A0038F888 /* PostUI.swift */,
			);
			path = Bangerify;
			sourceTree = "<group>";
		};
		8E4C20AD29819EEB006917D0 /* Preview Content */ = {
			isa = PBXGroup;
			children = (
				8E4C20AE29819EEB006917D0 /* Preview Assets.xcassets */,
			);
			path = "Preview Content";
			sourceTree = "<group>";
		};
/* End PBXGroup section */

/* Begin PBXNativeTarget section */
		8E4C20A229819EEB006917D0 /* Bangerify */ = {
			isa = PBXNativeTarget;
			buildConfigurationList = 8E4C20B229819EEB006917D0 /* Build configuration list for PBXNativeTarget "Bangerify" */;
			buildPhases = (
				8E4C209F29819EEB006917D0 /* Sources */,
				8E4C20A029819EEB006917D0 /* Frameworks */,
				8E4C20A129819EEB006917D0 /* Resources */,
			);
			buildRules = (
			);
			dependencies = (
			);
			name = Bangerify;
			packageProductDependencies = (
				8E4C20BB29829F59006917D0 /* SwiftyJSON */,
			);
			productName = Bangerify;
			productReference = 8E4C20A329819EEB006917D0 /* Bangerify.app */;
			productType = "com.apple.product-type.application";
		};
/* End PBXNativeTarget section */

/* Begin PBXProject section */
		8E4C209B29819EEA006917D0 /* Project object */ = {
			isa = PBXProject;
			attributes = {
				BuildIndependentTargetsInParallel = 1;
				LastSwiftUpdateCheck = 1420;
				LastUpgradeCheck = 1420;
				TargetAttributes = {
					8E4C20A229819EEB006917D0 = {
						CreatedOnToolsVersion = 14.2;
					};
				};
			};
			buildConfigurationList = 8E4C209E29819EEA006917D0 /* Build configuration list for PBXProject "Bangerify" */;
			compatibilityVersion = "Xcode 14.0";
			developmentRegion = en;
			hasScannedForEncodings = 0;
			knownRegions = (
				en,
				Base,
			);
			mainGroup = 8E4C209A29819EEA006917D0;
			packageReferences = (
				8E4C20BA29829F59006917D0 /* XCRemoteSwiftPackageReference "SwiftyJSON" */,
			);
			productRefGroup = 8E4C20A429819EEB006917D0 /* Products */;
			projectDirPath = "";
			projectRoot = "";
			targets = (
				8E4C20A229819EEB006917D0 /* Bangerify */,
			);
		};
/* End PBXProject section */

/* Begin PBXResourcesBuildPhase section */
		8E4C20A129819EEB006917D0 /* Resources */ = {
			isa = PBXResourcesBuildPhase;
			buildActionMask = 2147483647;
			files = (
				8EDA17982983CA250038F888 /* bangerifyfavicon.png in Resources */,
				8EDA179A2983CA250038F888 /* user_placeholder.png in Resources */,
				8E4C20AF29819EEB006917D0 /* Preview Assets.xcassets in Resources */,
				8EDA17972983CA250038F888 /* icon.png in Resources */,
				8EDA17992983CA250038F888 /* logo.svg in Resources */,
			);
			runOnlyForDeploymentPostprocessing = 0;
		};
/* End PBXResourcesBuildPhase section */

/* Begin PBXSourcesBuildPhase section */
		8E4C209F29819EEB006917D0 /* Sources */ = {
			isa = PBXSourcesBuildPhase;
			buildActionMask = 2147483647;
			files = (
				8E4C20A929819EEB006917D0 /* ContentView.swift in Sources */,
				8E4C20A729819EEB006917D0 /* BangerifyApp.swift in Sources */,
				8E4C20B62981A60D006917D0 /* Network.swift in Sources */,
				8E4C20B82981A67C006917D0 /* Post.swift in Sources */,
				8EDA179F2985783A0038F888 /* PostUI.swift in Sources */,
			);
			runOnlyForDeploymentPostprocessing = 0;
		};
/* End PBXSourcesBuildPhase section */

/* Begin XCBuildConfiguration section */
		8E4C20B029819EEB006917D0 /* Debug */ = {
			isa = XCBuildConfiguration;
			buildSettings = {
				ALWAYS_SEARCH_USER_PATHS = NO;
				CLANG_ANALYZER_NONNULL = YES;
				CLANG_ANALYZER_NUMBER_OBJECT_CONVERSION = YES_AGGRESSIVE;
				CLANG_CXX_LANGUAGE_STANDARD = "gnu++20";
				CLANG_ENABLE_MODULES = YES;
				CLANG_ENABLE_OBJC_ARC = YES;
				CLANG_ENABLE_OBJC_WEAK = YES;
				CLANG_WARN_BLOCK_CAPTURE_AUTORELEASING = YES;
				CLANG_WARN_BOOL_CONVERSION = YES;
				CLANG_WARN_COMMA = YES;
				CLANG_WARN_CONSTANT_CONVERSION = YES;
				CLANG_WARN_DEPRECATED_OBJC_IMPLEMENTATIONS = YES;
				CLANG_WARN_DIRECT_OBJC_ISA_USAGE = YES_ERROR;
				CLANG_WARN_DOCUMENTATION_COMMENTS = YES;
				CLANG_WARN_EMPTY_BODY = YES;
				CLANG_WARN_ENUM_CONVERSION = YES;
				CLANG_WARN_INFINITE_RECURSION = YES;
				CLANG_WARN_INT_CONVERSION = YES;
				CLANG_WARN_NON_LITERAL_NULL_CONVERSION = YES;
				CLANG_WARN_OBJC_IMPLICIT_RETAIN_SELF = YES;
				CLANG_WARN_OBJC_LITERAL_CONVERSION = YES;
				CLANG_WARN_OBJC_ROOT_CLASS = YES_ERROR;
				CLANG_WARN_QUOTED_INCLUDE_IN_FRAMEWORK_HEADER = YES;
				CLANG_WARN_RANGE_LOOP_ANALYSIS = YES;
				CLANG_WARN_STRICT_PROTOTYPES = YES;
				CLANG_WARN_SUSPICIOUS_MOVE = YES;
				CLANG_WARN_UNGUARDED_AVAILABILITY = YES_AGGRESSIVE;
				CLANG_WARN_UNREACHABLE_CODE = YES;
				CLANG_WARN__DUPLICATE_METHOD_MATCH = YES;
				COPY_PHASE_STRIP = NO;
				DEBUG_INFORMATION_FORMAT = dwarf;
				ENABLE_STRICT_OBJC_MSGSEND = YES;
				ENABLE_TESTABILITY = YES;
				GCC_C_LANGUAGE_STANDARD = gnu11;
				GCC_DYNAMIC_NO_PIC = NO;
				GCC_NO_COMMON_BLOCKS = YES;
				GCC_OPTIMIZATION_LEVEL = 0;
				GCC_PREPROCESSOR_DEFINITIONS = (
					"DEBUG=1",
					"$(inherited)",
				);
				GCC_WARN_64_TO_32_BIT_CONVERSION = YES;
				GCC_WARN_ABOUT_RETURN_TYPE = YES_ERROR;
				GCC_WARN_UNDECLARED_SELECTOR = YES;
				GCC_WARN_UNINITIALIZED_AUTOS = YES_AGGRESSIVE;
				GCC_WARN_UNUSED_FUNCTION = YES;
				GCC_WARN_UNUSED_VARIABLE = YES;
				MTL_ENABLE_DEBUG_INFO = INCLUDE_SOURCE;
				MTL_FAST_MATH = YES;
				ONLY_ACTIVE_ARCH = YES;
				SWIFT_ACTIVE_COMPILATION_CONDITIONS = DEBUG;
				SWIFT_OPTIMIZATION_LEVEL = "-Onone";
			};
			name = Debug;
		};
		8E4C20B129819EEB006917D0 /* Release */ = {
			isa = XCBuildConfiguration;
			buildSettings = {
				ALWAYS_SEARCH_USER_PATHS = NO;
				CLANG_ANALYZER_NONNULL = YES;
				CLANG_ANALYZER_NUMBER_OBJECT_CONVERSION = YES_AGGRESSIVE;
				CLANG_CXX_LANGUAGE_STANDARD = "gnu++20";
				CLANG_ENABLE_MODULES = YES;
				CLANG_ENABLE_OBJC_ARC = YES;
				CLANG_ENABLE_OBJC_WEAK = YES;
				CLANG_WARN_BLOCK_CAPTURE_AUTORELEASING = YES;
				CLANG_WARN_BOOL_CONVERSION = YES;
				CLANG_WARN_COMMA = YES;
				CLANG_WARN_CONSTANT_CONVERSION = YES;
				CLANG_WARN_DEPRECATED_OBJC_IMPLEMENTATIONS = YES;
				CLANG_WARN_DIRECT_OBJC_ISA_USAGE = YES_ERROR;
				CLANG_WARN_DOCUMENTATION_COMMENTS = YES;
				CLANG_WARN_EMPTY_BODY = YES;
				CLANG_WARN_ENUM_CONVERSION = YES;
				CLANG_WARN_INFINITE_RECURSION = YES;
				CLANG_WARN_INT_CONVERSION = YES;
				CLANG_WARN_NON_LITERAL_NULL_CONVERSION = YES;
				CLANG_WARN_OBJC_IMPLICIT_RETAIN_SELF = YES;
				CLANG_WARN_OBJC_LITERAL_CONVERSION = YES;
				CLANG_WARN_OBJC_ROOT_CLASS = YES_ERROR;
				CLANG_WARN_QUOTED_INCLUDE_IN_FRAMEWORK_HEADER = YES;
				CLANG_WARN_RANGE_LOOP_ANALYSIS = YES;
				CLANG_WARN_STRICT_PROTOTYPES = YES;
				CLANG_WARN_SUSPICIOUS_MOVE = YES;
				CLANG_WARN_UNGUARDED_AVAILABILITY = YES_AGGRESSIVE;
				CLANG_WARN_UNREACHABLE_CODE = YES;
				CLANG_WARN__DUPLICATE_METHOD_MATCH = YES;
				COPY_PHASE_STRIP = NO;
				DEBUG_INFORMATION_FORMAT = "dwarf-with-dsym";
				ENABLE_NS_ASSERTIONS = NO;
				ENABLE_STRICT_OBJC_MSGSEND = YES;
				GCC_C_LANGUAGE_STANDARD = gnu11;
				GCC_NO_COMMON_BLOCKS = YES;
				GCC_WARN_64_TO_32_BIT_CONVERSION = YES;
				GCC_WARN_ABOUT_RETURN_TYPE = YES_ERROR;
				GCC_WARN_UNDECLARED_SELECTOR = YES;
				GCC_WARN_UNINITIALIZED_AUTOS = YES_AGGRESSIVE;
				GCC_WARN_UNUSED_FUNCTION = YES;
				GCC_WARN_UNUSED_VARIABLE = YES;
				MTL_ENABLE_DEBUG_INFO = NO;
				MTL_FAST_MATH = YES;
				SWIFT_COMPILATION_MODE = wholemodule;
				SWIFT_OPTIMIZATION_LEVEL = "-O";
			};
			name = Release;
		};
		8E4C20B329819EEB006917D0 /* Debug */ = {
			isa = XCBuildConfiguration;
			buildSettings = {
				ASSETCATALOG_COMPILER_GLOBAL_ACCENT_COLOR_NAME = AccentColor;
				CODE_SIGN_ENTITLEMENTS = Bangerify/Bangerify.entitlements;
				CODE_SIGN_STYLE = Automatic;
				CURRENT_PROJECT_VERSION = 1;
				DEVELOPMENT_ASSET_PATHS = "\"Bangerify/Preview Content\"";
				DEVELOPMENT_TEAM = BECP7HX57Q;
				ENABLE_HARDENED_RUNTIME = YES;
				ENABLE_PREVIEWS = YES;
				GENERATE_INFOPLIST_FILE = YES;
				INFOPLIST_KEY_CFBundleDisplayName = Bangerify;
				INFOPLIST_KEY_LSApplicationCategoryType = "public.app-category.social-networking";
				"INFOPLIST_KEY_UIApplicationSceneManifest_Generation[sdk=iphoneos*]" = YES;
				"INFOPLIST_KEY_UIApplicationSceneManifest_Generation[sdk=iphonesimulator*]" = YES;
				"INFOPLIST_KEY_UIApplicationSupportsIndirectInputEvents[sdk=iphoneos*]" = YES;
				"INFOPLIST_KEY_UIApplicationSupportsIndirectInputEvents[sdk=iphonesimulator*]" = YES;
				"INFOPLIST_KEY_UILaunchScreen_Generation[sdk=iphoneos*]" = YES;
				"INFOPLIST_KEY_UILaunchScreen_Generation[sdk=iphonesimulator*]" = YES;
				"INFOPLIST_KEY_UIStatusBarStyle[sdk=iphoneos*]" = UIStatusBarStyleDefault;
				"INFOPLIST_KEY_UIStatusBarStyle[sdk=iphonesimulator*]" = UIStatusBarStyleDefault;
				INFOPLIST_KEY_UISupportedInterfaceOrientations_iPad = "UIInterfaceOrientationPortrait UIInterfaceOrientationPortraitUpsideDown UIInterfaceOrientationLandscapeLeft UIInterfaceOrientationLandscapeRight";
				INFOPLIST_KEY_UISupportedInterfaceOrientations_iPhone = "UIInterfaceOrientationPortrait UIInterfaceOrientationLandscapeLeft UIInterfaceOrientationLandscapeRight";
				IPHONEOS_DEPLOYMENT_TARGET = 16.0;
				LD_RUNPATH_SEARCH_PATHS = "@executable_path/Frameworks";
				"LD_RUNPATH_SEARCH_PATHS[sdk=macosx*]" = "@executable_path/../Frameworks";
				MACOSX_DEPLOYMENT_TARGET = 13.0;
				MARKETING_VERSION = 1.0;
				PRODUCT_BUNDLE_IDENTIFIER = com.kasperek.Bangerify;
				PRODUCT_NAME = "$(TARGET_NAME)";
				SDKROOT = auto;
				SUPPORTED_PLATFORMS = "iphoneos iphonesimulator macosx";
				SWIFT_EMIT_LOC_STRINGS = YES;
				SWIFT_VERSION = 5.0;
				TARGETED_DEVICE_FAMILY = "1,2";
			};
			name = Debug;
		};
		8E4C20B429819EEB006917D0 /* Release */ = {
			isa = XCBuildConfiguration;
			buildSettings = {
				ASSETCATALOG_COMPILER_GLOBAL_ACCENT_COLOR_NAME = AccentColor;
				CODE_SIGN_ENTITLEMENTS = Bangerify/Bangerify.entitlements;
				CODE_SIGN_STYLE = Automatic;
				CURRENT_PROJECT_VERSION = 1;
				DEVELOPMENT_ASSET_PATHS = "\"Bangerify/Preview Content\"";
				DEVELOPMENT_TEAM = BECP7HX57Q;
				ENABLE_HARDENED_RUNTIME = YES;
				ENABLE_PREVIEWS = YES;
				GENERATE_INFOPLIST_FILE = YES;
				INFOPLIST_KEY_CFBundleDisplayName = Bangerify;
				INFOPLIST_KEY_LSApplicationCategoryType = "public.app-category.social-networking";
				"INFOPLIST_KEY_UIApplicationSceneManifest_Generation[sdk=iphoneos*]" = YES;
				"INFOPLIST_KEY_UIApplicationSceneManifest_Generation[sdk=iphonesimulator*]" = YES;
				"INFOPLIST_KEY_UIApplicationSupportsIndirectInputEvents[sdk=iphoneos*]" = YES;
				"INFOPLIST_KEY_UIApplicationSupportsIndirectInputEvents[sdk=iphonesimulator*]" = YES;
				"INFOPLIST_KEY_UILaunchScreen_Generation[sdk=iphoneos*]" = YES;
				"INFOPLIST_KEY_UILaunchScreen_Generation[sdk=iphonesimulator*]" = YES;
				"INFOPLIST_KEY_UIStatusBarStyle[sdk=iphoneos*]" = UIStatusBarStyleDefault;
				"INFOPLIST_KEY_UIStatusBarStyle[sdk=iphonesimulator*]" = UIStatusBarStyleDefault;
				INFOPLIST_KEY_UISupportedInterfaceOrientations_iPad = "UIInterfaceOrientationPortrait UIInterfaceOrientationPortraitUpsideDown UIInterfaceOrientationLandscapeLeft UIInterfaceOrientationLandscapeRight";
				INFOPLIST_KEY_UISupportedInterfaceOrientations_iPhone = "UIInterfaceOrientationPortrait UIInterfaceOrientationLandscapeLeft UIInterfaceOrientationLandscapeRight";
				IPHONEOS_DEPLOYMENT_TARGET = 16.0;
				LD_RUNPATH_SEARCH_PATHS = "@executable_path/Frameworks";
				"LD_RUNPATH_SEARCH_PATHS[sdk=macosx*]" = "@executable_path/../Frameworks";
				MACOSX_DEPLOYMENT_TARGET = 13.0;
				MARKETING_VERSION = 1.0;
				PRODUCT_BUNDLE_IDENTIFIER = com.kasperek.Bangerify;
				PRODUCT_NAME = "$(TARGET_NAME)";
				SDKROOT = auto;
				SUPPORTED_PLATFORMS = "iphoneos iphonesimulator macosx";
				SWIFT_EMIT_LOC_STRINGS = YES;
				SWIFT_VERSION = 5.0;
				TARGETED_DEVICE_FAMILY = "1,2";
			};
			name = Release;
		};
/* End XCBuildConfiguration section */

/* Begin XCConfigurationList section */
		8E4C209E29819EEA006917D0 /* Build configuration list for PBXProject "Bangerify" */ = {
			isa = XCConfigurationList;
			buildConfigurations = (
				8E4C20B029819EEB006917D0 /* Debug */,
				8E4C20B129819EEB006917D0 /* Release */,
			);
			defaultConfigurationIsVisible = 0;
			defaultConfigurationName = Release;
		};
		8E4C20B229819EEB006917D0 /* Build configuration list for PBXNativeTarget "Bangerify" */ = {
			isa = XCConfigurationList;
			buildConfigurations = (
				8E4C20B329819EEB006917D0 /* Debug */,
				8E4C20B429819EEB006917D0 /* Release */,
			);
			defaultConfigurationIsVisible = 0;
			defaultConfigurationName = Release;
		};
/* End XCConfigurationList section */

/* Begin XCRemoteSwiftPackageReference section */
		8E4C20BA29829F59006917D0 /* XCRemoteSwiftPackageReference "SwiftyJSON" */ = {
			isa = XCRemoteSwiftPackageReference;
			repositoryURL = "https://github.com/SwiftyJSON/SwiftyJSON.git";
			requirement = {
				kind = upToNextMajorVersion;
				minimumVersion = 5.0.0;
			};
		};
/* End XCRemoteSwiftPackageReference section */

/* Begin XCSwiftPackageProductDependency section */
		8E4C20BB29829F59006917D0 /* SwiftyJSON */ = {
			isa = XCSwiftPackageProductDependency;
			package = 8E4C20BA29829F59006917D0 /* XCRemoteSwiftPackageReference "SwiftyJSON" */;
			productName = SwiftyJSON;
		};
/* End XCSwiftPackageProductDependency section */
	};
	rootObject = 8E4C209B29819EEA006917D0 /* Project object */;
}
